// !$*UTF8*$!
{
	archiveVersion = 1;
	classes = {
	};
	objectVersion = 48;
	objects = {

/* Begin PBXBuildFile section */
		AB185A7A1F88F73700CE07F7 /* AppDelegate.swift in Sources */ = {isa = PBXBuildFile; fileRef = AB185A791F88F73700CE07F7 /* AppDelegate.swift */; };
		AB185A7F1F88F73700CE07F7 /* Main.storyboard in Resources */ = {isa = PBXBuildFile; fileRef = AB185A7D1F88F73700CE07F7 /* Main.storyboard */; };
		AB185A811F88F73700CE07F7 /* Assets.xcassets in Resources */ = {isa = PBXBuildFile; fileRef = AB185A801F88F73700CE07F7 /* Assets.xcassets */; };
		AB185A841F88F73700CE07F7 /* LaunchScreen.storyboard in Resources */ = {isa = PBXBuildFile; fileRef = AB185A821F88F73700CE07F7 /* LaunchScreen.storyboard */; };
		AB185A8D1F8965E000CE07F7 /* TripsOverviewTableViewCell.xib in Resources */ = {isa = PBXBuildFile; fileRef = AB185A8C1F8965E000CE07F7 /* TripsOverviewTableViewCell.xib */; };
		AB185A901F89660A00CE07F7 /* TripsOverviewTableViewCell.swift in Sources */ = {isa = PBXBuildFile; fileRef = AB185A8F1F89660A00CE07F7 /* TripsOverviewTableViewCell.swift */; };
		AB185A931F8967A300CE07F7 /* TripsOverviewTableViewController.swift in Sources */ = {isa = PBXBuildFile; fileRef = AB185A921F8967A300CE07F7 /* TripsOverviewTableViewController.swift */; };
		AB9F7BAE1F896D7E00775EBB /* UITableViewExtensions.swift in Sources */ = {isa = PBXBuildFile; fileRef = AB9F7BAD1F896D7E00775EBB /* UITableViewExtensions.swift */; };
		AB9F7BB01F896FF100775EBB /* TripDetailsTableViewController.swift in Sources */ = {isa = PBXBuildFile; fileRef = AB9F7BAF1F896FF100775EBB /* TripDetailsTableViewController.swift */; };
		AB9F7BB31F89705A00775EBB /* UserTableViewCell.swift in Sources */ = {isa = PBXBuildFile; fileRef = AB9F7BB11F89705A00775EBB /* UserTableViewCell.swift */; };
		AB9F7BB41F89705A00775EBB /* UserTableViewCell.xib in Resources */ = {isa = PBXBuildFile; fileRef = AB9F7BB21F89705A00775EBB /* UserTableViewCell.xib */; };
		AB9F7BBB1F897E9800775EBB /* TransactionOverviewTableViewCell.swift in Sources */ = {isa = PBXBuildFile; fileRef = AB9F7BB91F897E9800775EBB /* TransactionOverviewTableViewCell.swift */; };
		AB9F7BBC1F897E9800775EBB /* TransactionOverviewTableViewCell.xib in Resources */ = {isa = PBXBuildFile; fileRef = AB9F7BBA1F897E9800775EBB /* TransactionOverviewTableViewCell.xib */; };
		AB9F7BBE1F89873C00775EBB /* GroupMembersTableViewController.swift in Sources */ = {isa = PBXBuildFile; fileRef = AB9F7BBD1F89873C00775EBB /* GroupMembersTableViewController.swift */; };
/* End PBXBuildFile section */

/* Begin PBXFileReference section */
		AB185A761F88F73700CE07F7 /* DivvyDough.app */ = {isa = PBXFileReference; explicitFileType = wrapper.application; includeInIndex = 0; path = DivvyDough.app; sourceTree = BUILT_PRODUCTS_DIR; };
		AB185A791F88F73700CE07F7 /* AppDelegate.swift */ = {isa = PBXFileReference; lastKnownFileType = sourcecode.swift; path = AppDelegate.swift; sourceTree = "<group>"; };
		AB185A7E1F88F73700CE07F7 /* Base */ = {isa = PBXFileReference; lastKnownFileType = file.storyboard; name = Base; path = Base.lproj/Main.storyboard; sourceTree = "<group>"; };
		AB185A801F88F73700CE07F7 /* Assets.xcassets */ = {isa = PBXFileReference; lastKnownFileType = folder.assetcatalog; path = Assets.xcassets; sourceTree = "<group>"; };
		AB185A831F88F73700CE07F7 /* Base */ = {isa = PBXFileReference; lastKnownFileType = file.storyboard; name = Base; path = Base.lproj/LaunchScreen.storyboard; sourceTree = "<group>"; };
		AB185A851F88F73700CE07F7 /* Info.plist */ = {isa = PBXFileReference; lastKnownFileType = text.plist.xml; path = Info.plist; sourceTree = "<group>"; };
		AB185A8C1F8965E000CE07F7 /* TripsOverviewTableViewCell.xib */ = {isa = PBXFileReference; lastKnownFileType = file.xib; path = TripsOverviewTableViewCell.xib; sourceTree = "<group>"; };
		AB185A8F1F89660A00CE07F7 /* TripsOverviewTableViewCell.swift */ = {isa = PBXFileReference; lastKnownFileType = sourcecode.swift; path = TripsOverviewTableViewCell.swift; sourceTree = "<group>"; };
		AB185A921F8967A300CE07F7 /* TripsOverviewTableViewController.swift */ = {isa = PBXFileReference; lastKnownFileType = sourcecode.swift; path = TripsOverviewTableViewController.swift; sourceTree = "<group>"; };
		AB9F7BAD1F896D7E00775EBB /* UITableViewExtensions.swift */ = {isa = PBXFileReference; lastKnownFileType = sourcecode.swift; path = UITableViewExtensions.swift; sourceTree = "<group>"; };
		AB9F7BAF1F896FF100775EBB /* TripDetailsTableViewController.swift */ = {isa = PBXFileReference; lastKnownFileType = sourcecode.swift; path = TripDetailsTableViewController.swift; sourceTree = "<group>"; };
		AB9F7BB11F89705A00775EBB /* UserTableViewCell.swift */ = {isa = PBXFileReference; lastKnownFileType = sourcecode.swift; path = UserTableViewCell.swift; sourceTree = "<group>"; };
		AB9F7BB21F89705A00775EBB /* UserTableViewCell.xib */ = {isa = PBXFileReference; lastKnownFileType = file.xib; path = UserTableViewCell.xib; sourceTree = "<group>"; };
		AB9F7BB91F897E9800775EBB /* TransactionOverviewTableViewCell.swift */ = {isa = PBXFileReference; lastKnownFileType = sourcecode.swift; path = TransactionOverviewTableViewCell.swift; sourceTree = "<group>"; };
		AB9F7BBA1F897E9800775EBB /* TransactionOverviewTableViewCell.xib */ = {isa = PBXFileReference; lastKnownFileType = file.xib; path = TransactionOverviewTableViewCell.xib; sourceTree = "<group>"; };
		AB9F7BBD1F89873C00775EBB /* GroupMembersTableViewController.swift */ = {isa = PBXFileReference; lastKnownFileType = sourcecode.swift; path = GroupMembersTableViewController.swift; sourceTree = "<group>"; };
/* End PBXFileReference section */

/* Begin PBXFrameworksBuildPhase section */
		AB185A731F88F73700CE07F7 /* Frameworks */ = {
			isa = PBXFrameworksBuildPhase;
			buildActionMask = 2147483647;
			files = (
			);
			runOnlyForDeploymentPostprocessing = 0;
		};
/* End PBXFrameworksBuildPhase section */

/* Begin PBXGroup section */
		AB185A6D1F88F73700CE07F7 = {
			isa = PBXGroup;
			children = (
				AB185A781F88F73700CE07F7 /* DivvyDough */,
				AB185A771F88F73700CE07F7 /* Products */,
			);
			sourceTree = "<group>";
		};
		AB185A771F88F73700CE07F7 /* Products */ = {
			isa = PBXGroup;
			children = (
				AB185A761F88F73700CE07F7 /* DivvyDough.app */,
			);
			name = Products;
			sourceTree = "<group>";
		};
		AB185A781F88F73700CE07F7 /* DivvyDough */ = {
			isa = PBXGroup;
			children = (
				AB185A791F88F73700CE07F7 /* AppDelegate.swift */,
				AB185A7D1F88F73700CE07F7 /* Main.storyboard */,
				AB185A911F89676E00CE07F7 /* View Controllers */,
				AB185A8E1F8965F800CE07F7 /* Views */,
				AB185A8B1F89659300CE07F7 /* Nibs */,
				AB9F7BAC1F896D6300775EBB /* Util */,
				AB185A801F88F73700CE07F7 /* Assets.xcassets */,
				AB185A821F88F73700CE07F7 /* LaunchScreen.storyboard */,
				AB185A851F88F73700CE07F7 /* Info.plist */,
			);
			path = DivvyDough;
			sourceTree = "<group>";
		};
		AB185A8B1F89659300CE07F7 /* Nibs */ = {
			isa = PBXGroup;
			children = (
				AB185A8C1F8965E000CE07F7 /* TripsOverviewTableViewCell.xib */,
				AB9F7BB21F89705A00775EBB /* UserTableViewCell.xib */,
				AB9F7BBA1F897E9800775EBB /* TransactionOverviewTableViewCell.xib */,
			);
			path = Nibs;
			sourceTree = "<group>";
		};
		AB185A8E1F8965F800CE07F7 /* Views */ = {
			isa = PBXGroup;
			children = (
				AB185A8F1F89660A00CE07F7 /* TripsOverviewTableViewCell.swift */,
				AB9F7BB11F89705A00775EBB /* UserTableViewCell.swift */,
				AB9F7BB91F897E9800775EBB /* TransactionOverviewTableViewCell.swift */,
			);
			path = Views;
			sourceTree = "<group>";
		};
		AB185A911F89676E00CE07F7 /* View Controllers */ = {
			isa = PBXGroup;
			children = (
				AB185A921F8967A300CE07F7 /* TripsOverviewTableViewController.swift */,
				AB9F7BAF1F896FF100775EBB /* TripDetailsTableViewController.swift */,
				AB9F7BBD1F89873C00775EBB /* GroupMembersTableViewController.swift */,
			);
			path = "View Controllers";
			sourceTree = "<group>";
		};
		AB9F7BAC1F896D6300775EBB /* Util */ = {
			isa = PBXGroup;
			children = (
				AB9F7BAD1F896D7E00775EBB /* UITableViewExtensions.swift */,
			);
			path = Util;
			sourceTree = "<group>";
		};
/* End PBXGroup section */

/* Begin PBXNativeTarget section */
		AB185A751F88F73700CE07F7 /* DivvyDough */ = {
			isa = PBXNativeTarget;
			buildConfigurationList = AB185A881F88F73700CE07F7 /* Build configuration list for PBXNativeTarget "DivvyDough" */;
			buildPhases = (
				AB185A721F88F73700CE07F7 /* Sources */,
				AB185A731F88F73700CE07F7 /* Frameworks */,
				AB185A741F88F73700CE07F7 /* Resources */,
			);
			buildRules = (
			);
			dependencies = (
			);
			name = DivvyDough;
			productName = DivvyDough;
			productReference = AB185A761F88F73700CE07F7 /* DivvyDough.app */;
			productType = "com.apple.product-type.application";
		};
/* End PBXNativeTarget section */

/* Begin PBXProject section */
		AB185A6E1F88F73700CE07F7 /* Project object */ = {
			isa = PBXProject;
			attributes = {
				LastSwiftUpdateCheck = 0900;
				LastUpgradeCheck = 0900;
				ORGANIZATIONNAME = "Jonathan Chan";
				TargetAttributes = {
					AB185A751F88F73700CE07F7 = {
						CreatedOnToolsVersion = 9.0;
						ProvisioningStyle = Automatic;
					};
				};
			};
			buildConfigurationList = AB185A711F88F73700CE07F7 /* Build configuration list for PBXProject "DivvyDough" */;
			compatibilityVersion = "Xcode 8.0";
			developmentRegion = en;
			hasScannedForEncodings = 0;
			knownRegions = (
				en,
				Base,
			);
			mainGroup = AB185A6D1F88F73700CE07F7;
			productRefGroup = AB185A771F88F73700CE07F7 /* Products */;
			projectDirPath = "";
			projectRoot = "";
			targets = (
				AB185A751F88F73700CE07F7 /* DivvyDough */,
			);
		};
/* End PBXProject section */

/* Begin PBXResourcesBuildPhase section */
		AB185A741F88F73700CE07F7 /* Resources */ = {
			isa = PBXResourcesBuildPhase;
			buildActionMask = 2147483647;
			files = (
				AB185A841F88F73700CE07F7 /* LaunchScreen.storyboard in Resources */,
				AB185A811F88F73700CE07F7 /* Assets.xcassets in Resources */,
				AB185A7F1F88F73700CE07F7 /* Main.storyboard in Resources */,
				AB185A8D1F8965E000CE07F7 /* TripsOverviewTableViewCell.xib in Resources */,
				AB9F7BB41F89705A00775EBB /* UserTableViewCell.xib in Resources */,
				AB9F7BBC1F897E9800775EBB /* TransactionOverviewTableViewCell.xib in Resources */,
			);
			runOnlyForDeploymentPostprocessing = 0;
		};
/* End PBXResourcesBuildPhase section */

/* Begin PBXSourcesBuildPhase section */
		AB185A721F88F73700CE07F7 /* Sources */ = {
			isa = PBXSourcesBuildPhase;
			buildActionMask = 2147483647;
			files = (
				AB185A931F8967A300CE07F7 /* TripsOverviewTableViewController.swift in Sources */,
				AB9F7BAE1F896D7E00775EBB /* UITableViewExtensions.swift in Sources */,
				AB185A7A1F88F73700CE07F7 /* AppDelegate.swift in Sources */,
				AB185A901F89660A00CE07F7 /* TripsOverviewTableViewCell.swift in Sources */,
				AB9F7BB31F89705A00775EBB /* UserTableViewCell.swift in Sources */,
				AB9F7BB01F896FF100775EBB /* TripDetailsTableViewController.swift in Sources */,
				AB9F7BBB1F897E9800775EBB /* TransactionOverviewTableViewCell.swift in Sources */,
				AB9F7BBE1F89873C00775EBB /* GroupMembersTableViewController.swift in Sources */,
			);
			runOnlyForDeploymentPostprocessing = 0;
		};
/* End PBXSourcesBuildPhase section */

/* Begin PBXVariantGroup section */
		AB185A7D1F88F73700CE07F7 /* Main.storyboard */ = {
			isa = PBXVariantGroup;
			children = (
				AB185A7E1F88F73700CE07F7 /* Base */,
			);
			name = Main.storyboard;
			sourceTree = "<group>";
		};
		AB185A821F88F73700CE07F7 /* LaunchScreen.storyboard */ = {
			isa = PBXVariantGroup;
			children = (
				AB185A831F88F73700CE07F7 /* Base */,
			);
			name = LaunchScreen.storyboard;
			sourceTree = "<group>";
		};
/* End PBXVariantGroup section */

/* Begin XCBuildConfiguration section */
		AB185A861F88F73700CE07F7 /* Debug */ = {
			isa = XCBuildConfiguration;
			buildSettings = {
				ALWAYS_SEARCH_USER_PATHS = NO;
				CLANG_ANALYZER_NONNULL = YES;
				CLANG_ANALYZER_NUMBER_OBJECT_CONVERSION = YES_AGGRESSIVE;
				CLANG_CXX_LANGUAGE_STANDARD = "gnu++14";
				CLANG_CXX_LIBRARY = "libc++";
				CLANG_ENABLE_MODULES = YES;
				CLANG_ENABLE_OBJC_ARC = YES;
				CLANG_WARN_BLOCK_CAPTURE_AUTORELEASING = YES;
				CLANG_WARN_BOOL_CONVERSION = YES;
				CLANG_WARN_COMMA = YES;
				CLANG_WARN_CONSTANT_CONVERSION = YES;
				CLANG_WARN_DIRECT_OBJC_ISA_USAGE = YES_ERROR;
				CLANG_WARN_DOCUMENTATION_COMMENTS = YES;
				CLANG_WARN_EMPTY_BODY = YES;
				CLANG_WARN_ENUM_CONVERSION = YES;
				CLANG_WARN_INFINITE_RECURSION = YES;
				CLANG_WARN_INT_CONVERSION = YES;
				CLANG_WARN_NON_LITERAL_NULL_CONVERSION = YES;
				CLANG_WARN_OBJC_LITERAL_CONVERSION = YES;
				CLANG_WARN_OBJC_ROOT_CLASS = YES_ERROR;
				CLANG_WARN_RANGE_LOOP_ANALYSIS = YES;
				CLANG_WARN_STRICT_PROTOTYPES = YES;
				CLANG_WARN_SUSPICIOUS_MOVE = YES;
				CLANG_WARN_UNGUARDED_AVAILABILITY = YES_AGGRESSIVE;
				CLANG_WARN_UNREACHABLE_CODE = YES;
				CLANG_WARN__DUPLICATE_METHOD_MATCH = YES;
				CODE_SIGN_IDENTITY = "iPhone Developer";
				COPY_PHASE_STRIP = NO;
				DEBUG_INFORMATION_FORMAT = dwarf;
				ENABLE_STRICT_OBJC_MSGSEND = YES;
				ENABLE_TESTABILITY = YES;
				GCC_C_LANGUAGE_STANDARD = gnu11;
				GCC_DYNAMIC_NO_PIC = NO;
				GCC_NO_COMMON_BLOCKS = YES;
				GCC_OPTIMIZATION_LEVEL = 0;
				GCC_PREPROCESSOR_DEFINITIONS = (
					"DEBUG=1",
					"$(inherited)",
				);
				GCC_WARN_64_TO_32_BIT_CONVERSION = YES;
				GCC_WARN_ABOUT_RETURN_TYPE = YES_ERROR;
				GCC_WARN_UNDECLARED_SELECTOR = YES;
				GCC_WARN_UNINITIALIZED_AUTOS = YES_AGGRESSIVE;
				GCC_WARN_UNUSED_FUNCTION = YES;
				GCC_WARN_UNUSED_VARIABLE = YES;
				IPHONEOS_DEPLOYMENT_TARGET = 11.0;
				MTL_ENABLE_DEBUG_INFO = YES;
				ONLY_ACTIVE_ARCH = YES;
				SDKROOT = iphoneos;
				SWIFT_ACTIVE_COMPILATION_CONDITIONS = DEBUG;
				SWIFT_OPTIMIZATION_LEVEL = "-Onone";
			};
			name = Debug;
		};
		AB185A871F88F73700CE07F7 /* Release */ = {
			isa = XCBuildConfiguration;
			buildSettings = {
				ALWAYS_SEARCH_USER_PATHS = NO;
				CLANG_ANALYZER_NONNULL = YES;
				CLANG_ANALYZER_NUMBER_OBJECT_CONVERSION = YES_AGGRESSIVE;
				CLANG_CXX_LANGUAGE_STANDARD = "gnu++14";
				CLANG_CXX_LIBRARY = "libc++";
				CLANG_ENABLE_MODULES = YES;
				CLANG_ENABLE_OBJC_ARC = YES;
				CLANG_WARN_BLOCK_CAPTURE_AUTORELEASING = YES;
				CLANG_WARN_BOOL_CONVERSION = YES;
				CLANG_WARN_COMMA = YES;
				CLANG_WARN_CONSTANT_CONVERSION = YES;
				CLANG_WARN_DIRECT_OBJC_ISA_USAGE = YES_ERROR;
				CLANG_WARN_DOCUMENTATION_COMMENTS = YES;
				CLANG_WARN_EMPTY_BODY = YES;
				CLANG_WARN_ENUM_CONVERSION = YES;
				CLANG_WARN_INFINITE_RECURSION = YES;
				CLANG_WARN_INT_CONVERSION = YES;
				CLANG_WARN_NON_LITERAL_NULL_CONVERSION = YES;
				CLANG_WARN_OBJC_LITERAL_CONVERSION = YES;
				CLANG_WARN_OBJC_ROOT_CLASS = YES_ERROR;
				CLANG_WARN_RANGE_LOOP_ANALYSIS = YES;
				CLANG_WARN_STRICT_PROTOTYPES = YES;
				CLANG_WARN_SUSPICIOUS_MOVE = YES;
				CLANG_WARN_UNGUARDED_AVAILABILITY = YES_AGGRESSIVE;
				CLANG_WARN_UNREACHABLE_CODE = YES;
				CLANG_WARN__DUPLICATE_METHOD_MATCH = YES;
				CODE_SIGN_IDENTITY = "iPhone Developer";
				COPY_PHASE_STRIP = NO;
				DEBUG_INFORMATION_FORMAT = "dwarf-with-dsym";
				ENABLE_NS_ASSERTIONS = NO;
				ENABLE_STRICT_OBJC_MSGSEND = YES;
				GCC_C_LANGUAGE_STANDARD = gnu11;
				GCC_NO_COMMON_BLOCKS = YES;
				GCC_WARN_64_TO_32_BIT_CONVERSION = YES;
				GCC_WARN_ABOUT_RETURN_TYPE = YES_ERROR;
				GCC_WARN_UNDECLARED_SELECTOR = YES;
				GCC_WARN_UNINITIALIZED_AUTOS = YES_AGGRESSIVE;
				GCC_WARN_UNUSED_FUNCTION = YES;
				GCC_WARN_UNUSED_VARIABLE = YES;
				IPHONEOS_DEPLOYMENT_TARGET = 11.0;
				MTL_ENABLE_DEBUG_INFO = NO;
				SDKROOT = iphoneos;
				SWIFT_OPTIMIZATION_LEVEL = "-Owholemodule";
				VALIDATE_PRODUCT = YES;
			};
			name = Release;
		};
		AB185A891F88F73700CE07F7 /* Debug */ = {
			isa = XCBuildConfiguration;
			buildSettings = {
				ASSETCATALOG_COMPILER_APPICON_NAME = AppIcon;
				CODE_SIGN_STYLE = Automatic;
				DEVELOPMENT_TEAM = 449QPF5U38;
				INFOPLIST_FILE = DivvyDough/Info.plist;
				IPHONEOS_DEPLOYMENT_TARGET = 10.0;
				LD_RUNPATH_SEARCH_PATHS = "$(inherited) @executable_path/Frameworks";
				PRODUCT_BUNDLE_IDENTIFIER = me.jonathanchan.DivvyDough;
				PRODUCT_NAME = "$(TARGET_NAME)";
				SWIFT_VERSION = 4.0;
				TARGETED_DEVICE_FAMILY = "1,2";
			};
			name = Debug;
		};
		AB185A8A1F88F73700CE07F7 /* Release */ = {
			isa = XCBuildConfiguration;
			buildSettings = {
				ASSETCATALOG_COMPILER_APPICON_NAME = AppIcon;
				CODE_SIGN_STYLE = Automatic;
				DEVELOPMENT_TEAM = 449QPF5U38;
				INFOPLIST_FILE = DivvyDough/Info.plist;
				IPHONEOS_DEPLOYMENT_TARGET = 10.0;
				LD_RUNPATH_SEARCH_PATHS = "$(inherited) @executable_path/Frameworks";
				PRODUCT_BUNDLE_IDENTIFIER = me.jonathanchan.DivvyDough;
				PRODUCT_NAME = "$(TARGET_NAME)";
				SWIFT_VERSION = 4.0;
				TARGETED_DEVICE_FAMILY = "1,2";
			};
			name = Release;
		};
/* End XCBuildConfiguration section */

/* Begin XCConfigurationList section */
		AB185A711F88F73700CE07F7 /* Build configuration list for PBXProject "DivvyDough" */ = {
			isa = XCConfigurationList;
			buildConfigurations = (
				AB185A861F88F73700CE07F7 /* Debug */,
				AB185A871F88F73700CE07F7 /* Release */,
			);
			defaultConfigurationIsVisible = 0;
			defaultConfigurationName = Release;
		};
		AB185A881F88F73700CE07F7 /* Build configuration list for PBXNativeTarget "DivvyDough" */ = {
			isa = XCConfigurationList;
			buildConfigurations = (
				AB185A891F88F73700CE07F7 /* Debug */,
				AB185A8A1F88F73700CE07F7 /* Release */,
			);
			defaultConfigurationIsVisible = 0;
			defaultConfigurationName = Release;
		};
/* End XCConfigurationList section */
	};
	rootObject = AB185A6E1F88F73700CE07F7 /* Project object */;
}
